// !$*UTF8*$!
{
	archiveVersion = 1;
	classes = {
	};
	objectVersion = 46;
	objects = {

/* Begin PBXBuildFile section */
		ABF7039E1B2C1100002828E0 /* ImageFilter.h in Headers */ = {isa = PBXBuildFile; fileRef = ABF7039D1B2C1100002828E0 /* ImageFilter.h */; settings = {ATTRIBUTES = (Public, ); }; };
		ABF703A51B2C1100002828E0 /* ImageFilter.framework in Frameworks */ = {isa = PBXBuildFile; fileRef = ABF7039A1B2C1100002828E0 /* ImageFilter.framework */; };
		ABF703AA1B2C1100002828E0 /* ImageFilterTests.swift in Sources */ = {isa = PBXBuildFile; fileRef = ABF703A91B2C1100002828E0 /* ImageFilterTests.swift */; };
		ABF703B51B2C1118002828E0 /* Filter.swift in Sources */ = {isa = PBXBuildFile; fileRef = ABF703B41B2C1118002828E0 /* Filter.swift */; };
/* End PBXBuildFile section */

/* Begin PBXContainerItemProxy section */
		ABF703A61B2C1100002828E0 /* PBXContainerItemProxy */ = {
			isa = PBXContainerItemProxy;
			containerPortal = ABF703911B2C1100002828E0 /* Project object */;
			proxyType = 1;
			remoteGlobalIDString = ABF703991B2C1100002828E0;
			remoteInfo = ImageFilter;
		};
/* End PBXContainerItemProxy section */

/* Begin PBXFileReference section */
		ABF7039A1B2C1100002828E0 /* ImageFilter.framework */ = {isa = PBXFileReference; explicitFileType = wrapper.framework; includeInIndex = 0; path = ImageFilter.framework; sourceTree = BUILT_PRODUCTS_DIR; };
		ABF7039D1B2C1100002828E0 /* ImageFilter.h */ = {isa = PBXFileReference; lastKnownFileType = sourcecode.c.h; path = ImageFilter.h; sourceTree = "<group>"; };
		ABF7039F1B2C1100002828E0 /* Info.plist */ = {isa = PBXFileReference; lastKnownFileType = text.plist.xml; path = Info.plist; sourceTree = "<group>"; };
		ABF703A41B2C1100002828E0 /* ImageFilterTests.xctest */ = {isa = PBXFileReference; explicitFileType = wrapper.cfbundle; includeInIndex = 0; path = ImageFilterTests.xctest; sourceTree = BUILT_PRODUCTS_DIR; };
		ABF703A91B2C1100002828E0 /* ImageFilterTests.swift */ = {isa = PBXFileReference; lastKnownFileType = sourcecode.swift; path = ImageFilterTests.swift; sourceTree = "<group>"; };
		ABF703AB1B2C1100002828E0 /* Info.plist */ = {isa = PBXFileReference; lastKnownFileType = text.plist.xml; path = Info.plist; sourceTree = "<group>"; };
		ABF703B41B2C1118002828E0 /* Filter.swift */ = {isa = PBXFileReference; fileEncoding = 4; lastKnownFileType = sourcecode.swift; path = Filter.swift; sourceTree = "<group>"; };
/* End PBXFileReference section */

/* Begin PBXFrameworksBuildPhase section */
		ABF703961B2C1100002828E0 /* Frameworks */ = {
			isa = PBXFrameworksBuildPhase;
			buildActionMask = 2147483647;
			files = (
			);
			runOnlyForDeploymentPostprocessing = 0;
		};
		ABF703A11B2C1100002828E0 /* Frameworks */ = {
			isa = PBXFrameworksBuildPhase;
			buildActionMask = 2147483647;
			files = (
				ABF703A51B2C1100002828E0 /* ImageFilter.framework in Frameworks */,
			);
			runOnlyForDeploymentPostprocessing = 0;
		};
/* End PBXFrameworksBuildPhase section */

/* Begin PBXGroup section */
		ABF703901B2C1100002828E0 = {
			isa = PBXGroup;
			children = (
				ABF7039C1B2C1100002828E0 /* ImageFilter */,
				ABF703A81B2C1100002828E0 /* ImageFilterTests */,
				ABF7039B1B2C1100002828E0 /* Products */,
			);
			sourceTree = "<group>";
		};
		ABF7039B1B2C1100002828E0 /* Products */ = {
			isa = PBXGroup;
			children = (
				ABF7039A1B2C1100002828E0 /* ImageFilter.framework */,
				ABF703A41B2C1100002828E0 /* ImageFilterTests.xctest */,
			);
			name = Products;
			sourceTree = "<group>";
		};
		ABF7039C1B2C1100002828E0 /* ImageFilter */ = {
			isa = PBXGroup;
			children = (
				ABF7039D1B2C1100002828E0 /* ImageFilter.h */,
				ABF703B41B2C1118002828E0 /* Filter.swift */,
				ABF7039F1B2C1100002828E0 /* Info.plist */,
			);
			path = ImageFilter;
			sourceTree = "<group>";
		};
		ABF703A81B2C1100002828E0 /* ImageFilterTests */ = {
			isa = PBXGroup;
			children = (
				ABF703A91B2C1100002828E0 /* ImageFilterTests.swift */,
				ABF703AB1B2C1100002828E0 /* Info.plist */,
			);
			path = ImageFilterTests;
			sourceTree = "<group>";
		};
/* End PBXGroup section */

/* Begin PBXHeadersBuildPhase section */
		ABF703971B2C1100002828E0 /* Headers */ = {
			isa = PBXHeadersBuildPhase;
			buildActionMask = 2147483647;
			files = (
				ABF7039E1B2C1100002828E0 /* ImageFilter.h in Headers */,
			);
			runOnlyForDeploymentPostprocessing = 0;
		};
/* End PBXHeadersBuildPhase section */

/* Begin PBXNativeTarget section */
		ABF703991B2C1100002828E0 /* ImageFilter */ = {
			isa = PBXNativeTarget;
			buildConfigurationList = ABF703AE1B2C1100002828E0 /* Build configuration list for PBXNativeTarget "ImageFilter" */;
			buildPhases = (
				ABF703951B2C1100002828E0 /* Sources */,
				ABF703961B2C1100002828E0 /* Frameworks */,
				ABF703971B2C1100002828E0 /* Headers */,
				ABF703981B2C1100002828E0 /* Resources */,
			);
			buildRules = (
			);
			dependencies = (
			);
			name = ImageFilter;
			productName = ImageFilter;
			productReference = ABF7039A1B2C1100002828E0 /* ImageFilter.framework */;
			productType = "com.apple.product-type.framework";
		};
		ABF703A31B2C1100002828E0 /* ImageFilterTests */ = {
			isa = PBXNativeTarget;
			buildConfigurationList = ABF703B11B2C1100002828E0 /* Build configuration list for PBXNativeTarget "ImageFilterTests" */;
			buildPhases = (
				ABF703A01B2C1100002828E0 /* Sources */,
				ABF703A11B2C1100002828E0 /* Frameworks */,
				ABF703A21B2C1100002828E0 /* Resources */,
			);
			buildRules = (
			);
			dependencies = (
				ABF703A71B2C1100002828E0 /* PBXTargetDependency */,
			);
			name = ImageFilterTests;
			productName = ImageFilterTests;
			productReference = ABF703A41B2C1100002828E0 /* ImageFilterTests.xctest */;
			productType = "com.apple.product-type.bundle.unit-test";
		};
/* End PBXNativeTarget section */

/* Begin PBXProject section */
		ABF703911B2C1100002828E0 /* Project object */ = {
			isa = PBXProject;
			attributes = {
				LastSwiftUpdateCheck = 0700;
				LastUpgradeCheck = 0700;
				ORGANIZATIONNAME = "Takehito KOSHIMIZU";
				TargetAttributes = {
					ABF703991B2C1100002828E0 = {
						CreatedOnToolsVersion = 7.0;
					};
					ABF703A31B2C1100002828E0 = {
						CreatedOnToolsVersion = 7.0;
					};
				};
			};
			buildConfigurationList = ABF703941B2C1100002828E0 /* Build configuration list for PBXProject "ImageFilter" */;
			compatibilityVersion = "Xcode 3.2";
			developmentRegion = English;
			hasScannedForEncodings = 0;
			knownRegions = (
				en,
			);
			mainGroup = ABF703901B2C1100002828E0;
			productRefGroup = ABF7039B1B2C1100002828E0 /* Products */;
			projectDirPath = "";
			projectRoot = "";
			targets = (
				ABF703991B2C1100002828E0 /* ImageFilter */,
				ABF703A31B2C1100002828E0 /* ImageFilterTests */,
			);
		};
/* End PBXProject section */

/* Begin PBXResourcesBuildPhase section */
		ABF703981B2C1100002828E0 /* Resources */ = {
			isa = PBXResourcesBuildPhase;
			buildActionMask = 2147483647;
			files = (
			);
			runOnlyForDeploymentPostprocessing = 0;
		};
		ABF703A21B2C1100002828E0 /* Resources */ = {
			isa = PBXResourcesBuildPhase;
			buildActionMask = 2147483647;
			files = (
			);
			runOnlyForDeploymentPostprocessing = 0;
		};
/* End PBXResourcesBuildPhase section */

/* Begin PBXSourcesBuildPhase section */
		ABF703951B2C1100002828E0 /* Sources */ = {
			isa = PBXSourcesBuildPhase;
			buildActionMask = 2147483647;
			files = (
				ABF703B51B2C1118002828E0 /* Filter.swift in Sources */,
			);
			runOnlyForDeploymentPostprocessing = 0;
		};
		ABF703A01B2C1100002828E0 /* Sources */ = {
			isa = PBXSourcesBuildPhase;
			buildActionMask = 2147483647;
			files = (
				ABF703AA1B2C1100002828E0 /* ImageFilterTests.swift in Sources */,
			);
			runOnlyForDeploymentPostprocessing = 0;
		};
/* End PBXSourcesBuildPhase section */

/* Begin PBXTargetDependency section */
		ABF703A71B2C1100002828E0 /* PBXTargetDependency */ = {
			isa = PBXTargetDependency;
			target = ABF703991B2C1100002828E0 /* ImageFilter */;
			targetProxy = ABF703A61B2C1100002828E0 /* PBXContainerItemProxy */;
		};
/* End PBXTargetDependency section */

/* Begin XCBuildConfiguration section */
		ABF703AC1B2C1100002828E0 /* Debug */ = {
			isa = XCBuildConfiguration;
			buildSettings = {
				ALWAYS_SEARCH_USER_PATHS = NO;
				CLANG_CXX_LANGUAGE_STANDARD = "gnu++0x";
				CLANG_CXX_LIBRARY = "libc++";
				CLANG_ENABLE_MODULES = YES;
				CLANG_ENABLE_OBJC_ARC = YES;
				CLANG_WARN_BOOL_CONVERSION = YES;
				CLANG_WARN_CONSTANT_CONVERSION = YES;
				CLANG_WARN_DIRECT_OBJC_ISA_USAGE = YES_ERROR;
				CLANG_WARN_EMPTY_BODY = YES;
				CLANG_WARN_ENUM_CONVERSION = YES;
				CLANG_WARN_INT_CONVERSION = YES;
				CLANG_WARN_OBJC_ROOT_CLASS = YES_ERROR;
				CLANG_WARN_UNREACHABLE_CODE = YES;
				CLANG_WARN__DUPLICATE_METHOD_MATCH = YES;
				"CODE_SIGN_IDENTITY[sdk=iphoneos*]" = "iPhone Developer";
				COPY_PHASE_STRIP = NO;
				CURRENT_PROJECT_VERSION = 1;
				DEBUG_INFORMATION_FORMAT = dwarf;
				ENABLE_STRICT_OBJC_MSGSEND = YES;
				ENABLE_TESTABILITY = YES;
				GCC_C_LANGUAGE_STANDARD = gnu99;
				GCC_DYNAMIC_NO_PIC = NO;
				GCC_NO_COMMON_BLOCKS = YES;
				GCC_OPTIMIZATION_LEVEL = 0;
				GCC_PREPROCESSOR_DEFINITIONS = (
					"DEBUG=1",
					"$(inherited)",
				);
				GCC_WARN_64_TO_32_BIT_CONVERSION = YES;
				GCC_WARN_ABOUT_RETURN_TYPE = YES_ERROR;
				GCC_WARN_UNDECLARED_SELECTOR = YES;
				GCC_WARN_UNINITIALIZED_AUTOS = YES_AGGRESSIVE;
				GCC_WARN_UNUSED_FUNCTION = YES;
				GCC_WARN_UNUSED_VARIABLE = YES;
				IPHONEOS_DEPLOYMENT_TARGET = 9.0;
				MTL_ENABLE_DEBUG_INFO = YES;
				ONLY_ACTIVE_ARCH = YES;
				SDKROOT = iphoneos;
				SWIFT_OPTIMIZATION_LEVEL = "-Onone";
				TARGETED_DEVICE_FAMILY = "1,2";
				VERSIONING_SYSTEM = "apple-generic";
				VERSION_INFO_PREFIX = "";
			};
			name = Debug;
		};
		ABF703AD1B2C1100002828E0 /* Release */ = {
			isa = XCBuildConfiguration;
			buildSettings = {
				ALWAYS_SEARCH_USER_PATHS = NO;
				CLANG_CXX_LANGUAGE_STANDARD = "gnu++0x";
				CLANG_CXX_LIBRARY = "libc++";
				CLANG_ENABLE_MODULES = YES;
				CLANG_ENABLE_OBJC_ARC = YES;
				CLANG_WARN_BOOL_CONVERSION = YES;
				CLANG_WARN_CONSTANT_CONVERSION = YES;
				CLANG_WARN_DIRECT_OBJC_ISA_USAGE = YES_ERROR;
				CLANG_WARN_EMPTY_BODY = YES;
				CLANG_WARN_ENUM_CONVERSION = YES;
				CLANG_WARN_INT_CONVERSION = YES;
				CLANG_WARN_OBJC_ROOT_CLASS = YES_ERROR;
				CLANG_WARN_UNREACHABLE_CODE = YES;
				CLANG_WARN__DUPLICATE_METHOD_MATCH = YES;
				"CODE_SIGN_IDENTITY[sdk=iphoneos*]" = "iPhone Developer";
				COPY_PHASE_STRIP = NO;
				CURRENT_PROJECT_VERSION = 1;
				DEBUG_INFORMATION_FORMAT = "dwarf-with-dsym";
				ENABLE_NS_ASSERTIONS = NO;
				ENABLE_STRICT_OBJC_MSGSEND = YES;
				GCC_C_LANGUAGE_STANDARD = gnu99;
				GCC_NO_COMMON_BLOCKS = YES;
				GCC_WARN_64_TO_32_BIT_CONVERSION = YES;
				GCC_WARN_ABOUT_RETURN_TYPE = YES_ERROR;
				GCC_WARN_UNDECLARED_SELECTOR = YES;
				GCC_WARN_UNINITIALIZED_AUTOS = YES_AGGRESSIVE;
				GCC_WARN_UNUSED_FUNCTION = YES;
				GCC_WARN_UNUSED_VARIABLE = YES;
				IPHONEOS_DEPLOYMENT_TARGET = 9.0;
				MTL_ENABLE_DEBUG_INFO = NO;
				SDKROOT = iphoneos;
				TARGETED_DEVICE_FAMILY = "1,2";
				VALIDATE_PRODUCT = YES;
				VERSIONING_SYSTEM = "apple-generic";
				VERSION_INFO_PREFIX = "";
			};
			name = Release;
		};
		ABF703AF1B2C1100002828E0 /* Debug */ = {
			isa = XCBuildConfiguration;
			buildSettings = {
				CLANG_ENABLE_MODULES = YES;
				DEFINES_MODULE = YES;
				DYLIB_COMPATIBILITY_VERSION = 1;
				DYLIB_CURRENT_VERSION = 1;
				DYLIB_INSTALL_NAME_BASE = "@rpath";
				INFOPLIST_FILE = ImageFilter/Info.plist;
				INSTALL_PATH = "$(LOCAL_LIBRARY_DIR)/Frameworks";
				IPHONEOS_DEPLOYMENT_TARGET = 8.0;
				LD_RUNPATH_SEARCH_PATHS = "$(inherited) @executable_path/Frameworks @loader_path/Frameworks";
				PRODUCT_BUNDLE_IDENTIFIER = takehito.koshimizu.ImageFilter;
				PRODUCT_NAME = "$(TARGET_NAME)";
				SKIP_INSTALL = YES;
				SWIFT_OPTIMIZATION_LEVEL = "-Onone";
				VALID_ARCHS = "arm64 armv7 armv7s";
			};
			name = Debug;
		};
		ABF703B01B2C1100002828E0 /* Release */ = {
			isa = XCBuildConfiguration;
			buildSettings = {
				CLANG_ENABLE_MODULES = YES;
				DEFINES_MODULE = YES;
				DYLIB_COMPATIBILITY_VERSION = 1;
				DYLIB_CURRENT_VERSION = 1;
				DYLIB_INSTALL_NAME_BASE = "@rpath";
				INFOPLIST_FILE = ImageFilter/Info.plist;
				INSTALL_PATH = "$(LOCAL_LIBRARY_DIR)/Frameworks";
				IPHONEOS_DEPLOYMENT_TARGET = 8.0;
				LD_RUNPATH_SEARCH_PATHS = "$(inherited) @executable_path/Frameworks @loader_path/Frameworks";
				PRODUCT_BUNDLE_IDENTIFIER = takehito.koshimizu.ImageFilter;
				PRODUCT_NAME = "$(TARGET_NAME)";
				SKIP_INSTALL = YES;
				VALID_ARCHS = "arm64 armv7 armv7s";
			};
			name = Release;
		};
		ABF703B21B2C1100002828E0 /* Debug */ = {
			isa = XCBuildConfiguration;
			buildSettings = {
				INFOPLIST_FILE = ImageFilterTests/Info.plist;
				LD_RUNPATH_SEARCH_PATHS = "$(inherited) @executable_path/Frameworks @loader_path/Frameworks";
				PRODUCT_BUNDLE_IDENTIFIER = takehito.koshimizu.ImageFilterTests;
				PRODUCT_NAME = "$(TARGET_NAME)";
			};
			name = Debug;
		};
		ABF703B31B2C1100002828E0 /* Release */ = {
			isa = XCBuildConfiguration;
			buildSettings = {
				INFOPLIST_FILE = ImageFilterTests/Info.plist;
				LD_RUNPATH_SEARCH_PATHS = "$(inherited) @executable_path/Frameworks @loader_path/Frameworks";
				PRODUCT_BUNDLE_IDENTIFIER = takehito.koshimizu.ImageFilterTests;
				PRODUCT_NAME = "$(TARGET_NAME)";
			};
			name = Release;
		};
/* End XCBuildConfiguration section */

/* Begin XCConfigurationList section */
		ABF703941B2C1100002828E0 /* Build configuration list for PBXProject "ImageFilter" */ = {
			isa = XCConfigurationList;
			buildConfigurations = (
				ABF703AC1B2C1100002828E0 /* Debug */,
				ABF703AD1B2C1100002828E0 /* Release */,
			);
			defaultConfigurationIsVisible = 0;
			defaultConfigurationName = Release;
		};
		ABF703AE1B2C1100002828E0 /* Build configuration list for PBXNativeTarget "ImageFilter" */ = {
			isa = XCConfigurationList;
			buildConfigurations = (
				ABF703AF1B2C1100002828E0 /* Debug */,
				ABF703B01B2C1100002828E0 /* Release */,
			);
			defaultConfigurationIsVisible = 0;
		};
		ABF703B11B2C1100002828E0 /* Build configuration list for PBXNativeTarget "ImageFilterTests" */ = {
			isa = XCConfigurationList;
			buildConfigurations = (
				ABF703B21B2C1100002828E0 /* Debug */,
				ABF703B31B2C1100002828E0 /* Release */,
			);
			defaultConfigurationIsVisible = 0;
		};
/* End XCConfigurationList section */
	};
	rootObject = ABF703911B2C1100002828E0 /* Project object */;
}
